
Microsoft Visual Studio Solution File, Format Version 12.00
Project("{FAE04EC0-301F-11D3-BF4B-00C04F79EFBC}") = "CallMeMaybe.Web", "CallMeMaybe.Web\CallMeMaybe.Web.csproj", "{ED04A0D0-DF7B-4464-A114-179BCAC99B49}"
EndProject
Project("{FAE04EC0-301F-11D3-BF4B-00C04F79EFBC}") = "CallMeMaybe.Persistence", "CallMeMaybe.Persistence\CallMeMaybe.Persistence.csproj", "{6039081C-0D21-4093-8986-4C478148A5C7}"
EndProject
Project("{FAE04EC0-301F-11D3-BF4B-00C04F79EFBC}") = "CallMeMaybe.Domain", "CallMeMaybe.Domain\CallMeMaybe.Domain.csproj", "{EDE8D6DA-0F85-45C1-84FC-003DE9BA9A45}"
EndProject
Project("{FAE04EC0-301F-11D3-BF4B-00C04F79EFBC}") = "CallMeMaybe.Infrastructure", "CallMeMaybe.Infrastructure\CallMeMaybe.Infrastructure.csproj", "{EE24FA2B-F808-4144-B236-EA1A0872014C}"
EndProject
Project("{FAE04EC0-301F-11D3-BF4B-00C04F79EFBC}") = "CallMeMaybe.SignalR", "CallMeMaybe.SignalR\CallMeMaybe.SignalR.csproj", "{C78E5CC7-7F4A-4FF2-A01C-2C553F834689}"
EndProject
Project("{FAE04EC0-301F-11D3-BF4B-00C04F79EFBC}") = "CallMeMaybe", "CallMeMaybe\CallMeMaybe.csproj", "{6628F6D0-B9A4-4A0A-A278-DE379F2183D5}"
EndProject
Project("{FAE04EC0-301F-11D3-BF4B-00C04F79EFBC}") = "CallMeMaybe.Test", "CallMeMaybe.Test\CallMeMaybe.Test.csproj", "{0A781174-0CFE-4B7D-B435-B32916577B46}"
EndProject
Project("{FAE04EC0-301F-11D3-BF4B-00C04F79EFBC}") = "CallMeMaybe.UI", "CallMeMaybe.UI\CallMeMaybe.UI.csproj", "{5AFE6B92-2D8B-453E-8E6A-E71F2C990985}"
EndProject
Global
	GlobalSection(SolutionConfigurationPlatforms) = preSolution
		Debug|Any CPU = Debug|Any CPU
		Release|Any CPU = Release|Any CPU
	EndGlobalSection
	GlobalSection(ProjectConfigurationPlatforms) = postSolution
		{ED04A0D0-DF7B-4464-A114-179BCAC99B49}.Debug|Any CPU.ActiveCfg = Debug|Any CPU
		{ED04A0D0-DF7B-4464-A114-179BCAC99B49}.Debug|Any CPU.Build.0 = Debug|Any CPU
		{ED04A0D0-DF7B-4464-A114-179BCAC99B49}.Release|Any CPU.ActiveCfg = Release|Any CPU
		{ED04A0D0-DF7B-4464-A114-179BCAC99B49}.Release|Any CPU.Build.0 = Release|Any CPU
		{6039081C-0D21-4093-8986-4C478148A5C7}.Debug|Any CPU.ActiveCfg = Debug|Any CPU
		{6039081C-0D21-4093-8986-4C478148A5C7}.Debug|Any CPU.Build.0 = Debug|Any CPU
		{6039081C-0D21-4093-8986-4C478148A5C7}.Release|Any CPU.ActiveCfg = Release|Any CPU
		{6039081C-0D21-4093-8986-4C478148A5C7}.Release|Any CPU.Build.0 = Release|Any CPU
		{EDE8D6DA-0F85-45C1-84FC-003DE9BA9A45}.Debug|Any CPU.ActiveCfg = Debug|Any CPU
		{EDE8D6DA-0F85-45C1-84FC-003DE9BA9A45}.Debug|Any CPU.Build.0 = Debug|Any CPU
		{EDE8D6DA-0F85-45C1-84FC-003DE9BA9A45}.Release|Any CPU.ActiveCfg = Release|Any CPU
		{EDE8D6DA-0F85-45C1-84FC-003DE9BA9A45}.Release|Any CPU.Build.0 = Release|Any CPU
		{EE24FA2B-F808-4144-B236-EA1A0872014C}.Debug|Any CPU.ActiveCfg = Debug|Any CPU
		{EE24FA2B-F808-4144-B236-EA1A0872014C}.Debug|Any CPU.Build.0 = Debug|Any CPU
		{EE24FA2B-F808-4144-B236-EA1A0872014C}.Release|Any CPU.ActiveCfg = Release|Any CPU
		{EE24FA2B-F808-4144-B236-EA1A0872014C}.Release|Any CPU.Build.0 = Release|Any CPU
		{C78E5CC7-7F4A-4FF2-A01C-2C553F834689}.Debug|Any CPU.ActiveCfg = Debug|Any CPU
		{C78E5CC7-7F4A-4FF2-A01C-2C553F834689}.Debug|Any CPU.Build.0 = Debug|Any CPU
		{C78E5CC7-7F4A-4FF2-A01C-2C553F834689}.Release|Any CPU.ActiveCfg = Release|Any CPU
		{C78E5CC7-7F4A-4FF2-A01C-2C553F834689}.Release|Any CPU.Build.0 = Release|Any CPU
		{6628F6D0-B9A4-4A0A-A278-DE379F2183D5}.Debug|Any CPU.ActiveCfg = Debug|Any CPU
		{6628F6D0-B9A4-4A0A-A278-DE379F2183D5}.Debug|Any CPU.Build.0 = Debug|Any CPU
		{6628F6D0-B9A4-4A0A-A278-DE379F2183D5}.Release|Any CPU.ActiveCfg = Release|Any CPU
		{6628F6D0-B9A4-4A0A-A278-DE379F2183D5}.Release|Any CPU.Build.0 = Release|Any CPU
		{0A781174-0CFE-4B7D-B435-B32916577B46}.Debug|Any CPU.ActiveCfg = Debug|Any CPU
		{0A781174-0CFE-4B7D-B435-B32916577B46}.Debug|Any CPU.Build.0 = Debug|Any CPU
		{0A781174-0CFE-4B7D-B435-B32916577B46}.Release|Any CPU.ActiveCfg = Release|Any CPU
		{0A781174-0CFE-4B7D-B435-B32916577B46}.Release|Any CPU.Build.0 = Release|Any CPU
		{5AFE6B92-2D8B-453E-8E6A-E71F2C990985}.Debug|Any CPU.ActiveCfg = Debug|Any CPU
		{5AFE6B92-2D8B-453E-8E6A-E71F2C990985}.Debug|Any CPU.Build.0 = Debug|Any CPU
		{5AFE6B92-2D8B-453E-8E6A-E71F2C990985}.Release|Any CPU.ActiveCfg = Release|Any CPU
		{5AFE6B92-2D8B-453E-8E6A-E71F2C990985}.Release|Any CPU.Build.0 = Release|Any CPU
	EndGlobalSection
EndGlobal
